
Microsoft Visual Studio Solution File, Format Version 12.00
# Visual Studio Version 17
VisualStudioVersion = 17.14.37301.10 d17.14
MinimumVisualStudioVersion = 10.0.40219.1
Project("{FAE04EC0-301F-11D3-BF4B-00C04F79EFBC}") = "Database_Project", "Database_Project\Database_Project.csproj", "{4568EFFE-CF37-4FC9-9048-B14CBD3A726E}"
EndProject
Global
	GlobalSection(SolutionConfigurationPlatforms) = preSolution
		Debug|Any CPU = Debug|Any CPU
		Release|Any CPU = Release|Any CPU
	EndGlobalSection
	GlobalSection(ProjectConfigurationPlatforms) = postSolution
		{4568EFFE-CF37-4FC9-9048-B14CBD3A726E}.Debug|Any CPU.ActiveCfg = Debug|Any CPU
		{4568EFFE-CF37-4FC9-9048-B14CBD3A726E}.Debug|Any CPU.Build.0 = Debug|Any CPU
		{4568EFFE-CF37-4FC9-9048-B14CBD3A726E}.Release|Any CPU.ActiveCfg = Release|Any CPU
		{4568EFFE-CF37-4FC9-9048-B14CBD3A726E}.Release|Any CPU.Build.0 = Release|Any CPU
	EndGlobalSection
	GlobalSection(SolutionProperties) = preSolution
		HideSolutionNode = FALSE
	EndGlobalSection
	GlobalSection(ExtensibilityGlobals) = postSolution
		SolutionGuid = {E30D534E-025D-4851-82B7-7905F72924AA}
	EndGlobalSection
EndGlobal
